
Microsoft Visual Studio Solution File, Format Version 12.00
# Visual Studio 15
VisualStudioVersion = 15.0.28307.1831
MinimumVisualStudioVersion = 10.0.40219.1
Project("{8BC9CEB8-8B4A-11D0-8D11-00A0C91BC942}") = "AsyncLog", "AsyncLog\AsyncLog.vcxproj", "{B8027D71-9AE2-4CC3-AA4A-E60645DD2234}"
EndProject
Global
	GlobalSection(SolutionConfigurationPlatforms) = preSolution
		Debug|x64 = Debug|x64
		Debug|x86 = Debug|x86
		Release|x64 = Release|x64
		Release|x86 = Release|x86
	EndGlobalSection
	GlobalSection(ProjectConfigurationPlatforms) = postSolution
		{B8027D71-9AE2-4CC3-AA4A-E60645DD2234}.Debug|x64.ActiveCfg = Debug|x64
		{B8027D71-9AE2-4CC3-AA4A-E60645DD2234}.Debug|x64.Build.0 = Debug|x64
		{B8027D71-9AE2-4CC3-AA4A-E60645DD2234}.Debug|x86.ActiveCfg = Debug|Win32
		{B8027D71-9AE2-4CC3-AA4A-E60645DD2234}.Debug|x86.Build.0 = Debug|Win32
		{B8027D71-9AE2-4CC3-AA4A-E60645DD2234}.Release|x64.ActiveCfg = Release|x64
		{B8027D71-9AE2-4CC3-AA4A-E60645DD2234}.Release|x64.Build.0 = Release|x64
		{B8027D71-9AE2-4CC3-AA4A-E60645DD2234}.Release|x86.ActiveCfg = Release|Win32
		{B8027D71-9AE2-4CC3-AA4A-E60645DD2234}.Release|x86.Build.0 = Release|Win32
	EndGlobalSection
	GlobalSection(SolutionProperties) = preSolution
		HideSolutionNode = FALSE
	EndGlobalSection
	GlobalSection(ExtensibilityGlobals) = postSolution
		SolutionGuid = {05E531E9-2C1D-4224-88CC-CE23F0B595CF}
	EndGlobalSection
EndGlobal
